// !$*UTF8*$!
{
	archiveVersion = 1;
	classes = {
	};
	objectVersion = 50;
	objects = {

/* Begin PBXBuildFile section */
		DD2BA351270945310014D696 /* ZoomViewController.swift in Sources */ = {isa = PBXBuildFile; fileRef = DD2BA350270945310014D696 /* ZoomViewController.swift */; };
		DDD5AA3A270D3D25009E0B68 /* 5.png in Resources */ = {isa = PBXBuildFile; fileRef = DDD5AA34270D3D25009E0B68 /* 5.png */; };
		DDD5AA3B270D3D25009E0B68 /* 6.png in Resources */ = {isa = PBXBuildFile; fileRef = DDD5AA35270D3D25009E0B68 /* 6.png */; };
		DDD5AA3C270D3D25009E0B68 /* 1.jpg in Resources */ = {isa = PBXBuildFile; fileRef = DDD5AA36270D3D25009E0B68 /* 1.jpg */; };
		DDD5AA3D270D3D25009E0B68 /* 3.png in Resources */ = {isa = PBXBuildFile; fileRef = DDD5AA37270D3D25009E0B68 /* 3.png */; };
		DDD5AA3E270D3D25009E0B68 /* 2.jpg in Resources */ = {isa = PBXBuildFile; fileRef = DDD5AA38270D3D25009E0B68 /* 2.jpg */; };
		DDD5AA3F270D3D25009E0B68 /* 4.png in Resources */ = {isa = PBXBuildFile; fileRef = DDD5AA39270D3D25009E0B68 /* 4.png */; };
		DDFF03422703EAE800ACCB2A /* AppDelegate.swift in Sources */ = {isa = PBXBuildFile; fileRef = DDFF03412703EAE800ACCB2A /* AppDelegate.swift */; };
		DDFF03442703EAE800ACCB2A /* SceneDelegate.swift in Sources */ = {isa = PBXBuildFile; fileRef = DDFF03432703EAE800ACCB2A /* SceneDelegate.swift */; };
		DDFF03462703EAE800ACCB2A /* ViewController.swift in Sources */ = {isa = PBXBuildFile; fileRef = DDFF03452703EAE800ACCB2A /* ViewController.swift */; };
		DDFF03492703EAE800ACCB2A /* Main.storyboard in Resources */ = {isa = PBXBuildFile; fileRef = DDFF03472703EAE800ACCB2A /* Main.storyboard */; };
		DDFF034B2703EAEA00ACCB2A /* Assets.xcassets in Resources */ = {isa = PBXBuildFile; fileRef = DDFF034A2703EAEA00ACCB2A /* Assets.xcassets */; };
		DDFF034E2703EAEA00ACCB2A /* LaunchScreen.storyboard in Resources */ = {isa = PBXBuildFile; fileRef = DDFF034C2703EAEA00ACCB2A /* LaunchScreen.storyboard */; };
/* End PBXBuildFile section */

/* Begin PBXFileReference section */
		DD2BA350270945310014D696 /* ZoomViewController.swift */ = {isa = PBXFileReference; lastKnownFileType = sourcecode.swift; path = ZoomViewController.swift; sourceTree = "<group>"; };
		DDD5AA34270D3D25009E0B68 /* 5.png */ = {isa = PBXFileReference; lastKnownFileType = image.png; name = 5.png; path = ../../../pic/5.png; sourceTree = "<group>"; };
		DDD5AA35270D3D25009E0B68 /* 6.png */ = {isa = PBXFileReference; lastKnownFileType = image.png; name = 6.png; path = ../../../pic/6.png; sourceTree = "<group>"; };
		DDD5AA36270D3D25009E0B68 /* 1.jpg */ = {isa = PBXFileReference; lastKnownFileType = image.jpeg; name = 1.jpg; path = ../../../pic/1.jpg; sourceTree = "<group>"; };
		DDD5AA37270D3D25009E0B68 /* 3.png */ = {isa = PBXFileReference; lastKnownFileType = image.png; name = 3.png; path = ../../../pic/3.png; sourceTree = "<group>"; };
		DDD5AA38270D3D25009E0B68 /* 2.jpg */ = {isa = PBXFileReference; lastKnownFileType = image.jpeg; name = 2.jpg; path = ../../../pic/2.jpg; sourceTree = "<group>"; };
		DDD5AA39270D3D25009E0B68 /* 4.png */ = {isa = PBXFileReference; lastKnownFileType = image.png; name = 4.png; path = ../../../pic/4.png; sourceTree = "<group>"; };
		DDFF033E2703EAE800ACCB2A /* SlideshowApp.app */ = {isa = PBXFileReference; explicitFileType = wrapper.application; includeInIndex = 0; path = SlideshowApp.app; sourceTree = BUILT_PRODUCTS_DIR; };
		DDFF03412703EAE800ACCB2A /* AppDelegate.swift */ = {isa = PBXFileReference; lastKnownFileType = sourcecode.swift; path = AppDelegate.swift; sourceTree = "<group>"; };
		DDFF03432703EAE800ACCB2A /* SceneDelegate.swift */ = {isa = PBXFileReference; lastKnownFileType = sourcecode.swift; path = SceneDelegate.swift; sourceTree = "<group>"; };
		DDFF03452703EAE800ACCB2A /* ViewController.swift */ = {isa = PBXFileReference; lastKnownFileType = sourcecode.swift; path = ViewController.swift; sourceTree = "<group>"; };
		DDFF03482703EAE800ACCB2A /* Base */ = {isa = PBXFileReference; lastKnownFileType = file.storyboard; name = Base; path = Base.lproj/Main.storyboard; sourceTree = "<group>"; };
		DDFF034A2703EAEA00ACCB2A /* Assets.xcassets */ = {isa = PBXFileReference; lastKnownFileType = folder.assetcatalog; path = Assets.xcassets; sourceTree = "<group>"; };
		DDFF034D2703EAEA00ACCB2A /* Base */ = {isa = PBXFileReference; lastKnownFileType = file.storyboard; name = Base; path = Base.lproj/LaunchScreen.storyboard; sourceTree = "<group>"; };
		DDFF034F2703EAEA00ACCB2A /* Info.plist */ = {isa = PBXFileReference; lastKnownFileType = text.plist.xml; path = Info.plist; sourceTree = "<group>"; };
/* End PBXFileReference section */

/* Begin PBXFrameworksBuildPhase section */
		DDFF033B2703EAE800ACCB2A /* Frameworks */ = {
			isa = PBXFrameworksBuildPhase;
			buildActionMask = 2147483647;
			files = (
			);
			runOnlyForDeploymentPostprocessing = 0;
		};
/* End PBXFrameworksBuildPhase section */

/* Begin PBXGroup section */
		DDFF03352703EAE800ACCB2A = {
			isa = PBXGroup;
			children = (
				DDFF03402703EAE800ACCB2A /* SlideshowApp */,
				DDFF033F2703EAE800ACCB2A /* Products */,
			);
			sourceTree = "<group>";
		};
		DDFF033F2703EAE800ACCB2A /* Products */ = {
			isa = PBXGroup;
			children = (
				DDFF033E2703EAE800ACCB2A /* SlideshowApp.app */,
			);
			name = Products;
			sourceTree = "<group>";
		};
		DDFF03402703EAE800ACCB2A /* SlideshowApp */ = {
			isa = PBXGroup;
			children = (
				DDFF03412703EAE800ACCB2A /* AppDelegate.swift */,
				DDFF03432703EAE800ACCB2A /* SceneDelegate.swift */,
				DDFF03452703EAE800ACCB2A /* ViewController.swift */,
				DD2BA350270945310014D696 /* ZoomViewController.swift */,
				DDFF03472703EAE800ACCB2A /* Main.storyboard */,
				DDFF034A2703EAEA00ACCB2A /* Assets.xcassets */,
				DDFF034C2703EAEA00ACCB2A /* LaunchScreen.storyboard */,
				DDFF034F2703EAEA00ACCB2A /* Info.plist */,
				DDD5AA36270D3D25009E0B68 /* 1.jpg */,
				DDD5AA38270D3D25009E0B68 /* 2.jpg */,
				DDD5AA37270D3D25009E0B68 /* 3.png */,
				DDD5AA39270D3D25009E0B68 /* 4.png */,
				DDD5AA34270D3D25009E0B68 /* 5.png */,
				DDD5AA35270D3D25009E0B68 /* 6.png */,
			);
			path = SlideshowApp;
			sourceTree = "<group>";
		};
/* End PBXGroup section */

/* Begin PBXNativeTarget section */
		DDFF033D2703EAE800ACCB2A /* SlideshowApp */ = {
			isa = PBXNativeTarget;
			buildConfigurationList = DDFF03522703EAEA00ACCB2A /* Build configuration list for PBXNativeTarget "SlideshowApp" */;
			buildPhases = (
				DDFF033A2703EAE800ACCB2A /* Sources */,
				DDFF033B2703EAE800ACCB2A /* Frameworks */,
				DDFF033C2703EAE800ACCB2A /* Resources */,
			);
			buildRules = (
			);
			dependencies = (
			);
			name = SlideshowApp;
			productName = SlideshowApp;
			productReference = DDFF033E2703EAE800ACCB2A /* SlideshowApp.app */;
			productType = "com.apple.product-type.application";
		};
/* End PBXNativeTarget section */

/* Begin PBXProject section */
		DDFF03362703EAE800ACCB2A /* Project object */ = {
			isa = PBXProject;
			attributes = {
				LastSwiftUpdateCheck = 1250;
				LastUpgradeCheck = 1250;
				TargetAttributes = {
					DDFF033D2703EAE800ACCB2A = {
						CreatedOnToolsVersion = 12.5.1;
					};
				};
			};
			buildConfigurationList = DDFF03392703EAE800ACCB2A /* Build configuration list for PBXProject "SlideshowApp" */;
			compatibilityVersion = "Xcode 9.3";
			developmentRegion = en;
			hasScannedForEncodings = 0;
			knownRegions = (
				en,
				Base,
			);
			mainGroup = DDFF03352703EAE800ACCB2A;
			productRefGroup = DDFF033F2703EAE800ACCB2A /* Products */;
			projectDirPath = "";
			projectRoot = "";
			targets = (
				DDFF033D2703EAE800ACCB2A /* SlideshowApp */,
			);
		};
/* End PBXProject section */

/* Begin PBXResourcesBuildPhase section */
		DDFF033C2703EAE800ACCB2A /* Resources */ = {
			isa = PBXResourcesBuildPhase;
			buildActionMask = 2147483647;
			files = (
				DDD5AA3F270D3D25009E0B68 /* 4.png in Resources */,
				DDFF034E2703EAEA00ACCB2A /* LaunchScreen.storyboard in Resources */,
				DDD5AA3A270D3D25009E0B68 /* 5.png in Resources */,
				DDFF034B2703EAEA00ACCB2A /* Assets.xcassets in Resources */,
				DDD5AA3C270D3D25009E0B68 /* 1.jpg in Resources */,
				DDFF03492703EAE800ACCB2A /* Main.storyboard in Resources */,
				DDD5AA3D270D3D25009E0B68 /* 3.png in Resources */,
				DDD5AA3E270D3D25009E0B68 /* 2.jpg in Resources */,
				DDD5AA3B270D3D25009E0B68 /* 6.png in Resources */,
			);
			runOnlyForDeploymentPostprocessing = 0;
		};
/* End PBXResourcesBuildPhase section */

/* Begin PBXSourcesBuildPhase section */
		DDFF033A2703EAE800ACCB2A /* Sources */ = {
			isa = PBXSourcesBuildPhase;
			buildActionMask = 2147483647;
			files = (
				DDFF03462703EAE800ACCB2A /* ViewController.swift in Sources */,
				DDFF03422703EAE800ACCB2A /* AppDelegate.swift in Sources */,
				DDFF03442703EAE800ACCB2A /* SceneDelegate.swift in Sources */,
				DD2BA351270945310014D696 /* ZoomViewController.swift in Sources */,
			);
			runOnlyForDeploymentPostprocessing = 0;
		};
/* End PBXSourcesBuildPhase section */

/* Begin PBXVariantGroup section */
		DDFF03472703EAE800ACCB2A /* Main.storyboard */ = {
			isa = PBXVariantGroup;
			children = (
				DDFF03482703EAE800ACCB2A /* Base */,
			);
			name = Main.storyboard;
			sourceTree = "<group>";
		};
		DDFF034C2703EAEA00ACCB2A /* LaunchScreen.storyboard */ = {
			isa = PBXVariantGroup;
			children = (
				DDFF034D2703EAEA00ACCB2A /* Base */,
			);
			name = LaunchScreen.storyboard;
			sourceTree = "<group>";
		};
/* End PBXVariantGroup section */

/* Begin XCBuildConfiguration section */
		DDFF03502703EAEA00ACCB2A /* Debug */ = {
			isa = XCBuildConfiguration;
			buildSettings = {
				ALWAYS_SEARCH_USER_PATHS = NO;
				CLANG_ANALYZER_NONNULL = YES;
				CLANG_ANALYZER_NUMBER_OBJECT_CONVERSION = YES_AGGRESSIVE;
				CLANG_CXX_LANGUAGE_STANDARD = "gnu++14";
				CLANG_CXX_LIBRARY = "libc++";
				CLANG_ENABLE_MODULES = YES;
				CLANG_ENABLE_OBJC_ARC = YES;
				CLANG_ENABLE_OBJC_WEAK = YES;
				CLANG_WARN_BLOCK_CAPTURE_AUTORELEASING = YES;
				CLANG_WARN_BOOL_CONVERSION = YES;
				CLANG_WARN_COMMA = YES;
				CLANG_WARN_CONSTANT_CONVERSION = YES;
				CLANG_WARN_DEPRECATED_OBJC_IMPLEMENTATIONS = YES;
				CLANG_WARN_DIRECT_OBJC_ISA_USAGE = YES_ERROR;
				CLANG_WARN_DOCUMENTATION_COMMENTS = YES;
				CLANG_WARN_EMPTY_BODY = YES;
				CLANG_WARN_ENUM_CONVERSION = YES;
				CLANG_WARN_INFINITE_RECURSION = YES;
				CLANG_WARN_INT_CONVERSION = YES;
				CLANG_WARN_NON_LITERAL_NULL_CONVERSION = YES;
				CLANG_WARN_OBJC_IMPLICIT_RETAIN_SELF = YES;
				CLANG_WARN_OBJC_LITERAL_CONVERSION = YES;
				CLANG_WARN_OBJC_ROOT_CLASS = YES_ERROR;
				CLANG_WARN_QUOTED_INCLUDE_IN_FRAMEWORK_HEADER = YES;
				CLANG_WARN_RANGE_LOOP_ANALYSIS = YES;
				CLANG_WARN_STRICT_PROTOTYPES = YES;
				CLANG_WARN_SUSPICIOUS_MOVE = YES;
				CLANG_WARN_UNGUARDED_AVAILABILITY = YES_AGGRESSIVE;
				CLANG_WARN_UNREACHABLE_CODE = YES;
				CLANG_WARN__DUPLICATE_METHOD_MATCH = YES;
				COPY_PHASE_STRIP = NO;
				DEBUG_INFORMATION_FORMAT = dwarf;
				ENABLE_STRICT_OBJC_MSGSEND = YES;
				ENABLE_TESTABILITY = YES;
				GCC_C_LANGUAGE_STANDARD = gnu11;
				GCC_DYNAMIC_NO_PIC = NO;
				GCC_NO_COMMON_BLOCKS = YES;
				GCC_OPTIMIZATION_LEVEL = 0;
				GCC_PREPROCESSOR_DEFINITIONS = (
					"DEBUG=1",
					"$(inherited)",
				);
				GCC_WARN_64_TO_32_BIT_CONVERSION = YES;
				GCC_WARN_ABOUT_RETURN_TYPE = YES_ERROR;
				GCC_WARN_UNDECLARED_SELECTOR = YES;
				GCC_WARN_UNINITIALIZED_AUTOS = YES_AGGRESSIVE;
				GCC_WARN_UNUSED_FUNCTION = YES;
				GCC_WARN_UNUSED_VARIABLE = YES;
				IPHONEOS_DEPLOYMENT_TARGET = 14.5;
				MTL_ENABLE_DEBUG_INFO = INCLUDE_SOURCE;
				MTL_FAST_MATH = YES;
				ONLY_ACTIVE_ARCH = YES;
				SDKROOT = iphoneos;
				SWIFT_ACTIVE_COMPILATION_CONDITIONS = DEBUG;
				SWIFT_OPTIMIZATION_LEVEL = "-Onone";
			};
			name = Debug;
		};
		DDFF03512703EAEA00ACCB2A /* Release */ = {
			isa = XCBuildConfiguration;
			buildSettings = {
				ALWAYS_SEARCH_USER_PATHS = NO;
				CLANG_ANALYZER_NONNULL = YES;
				CLANG_ANALYZER_NUMBER_OBJECT_CONVERSION = YES_AGGRESSIVE;
				CLANG_CXX_LANGUAGE_STANDARD = "gnu++14";
				CLANG_CXX_LIBRARY = "libc++";
				CLANG_ENABLE_MODULES = YES;
				CLANG_ENABLE_OBJC_ARC = YES;
				CLANG_ENABLE_OBJC_WEAK = YES;
				CLANG_WARN_BLOCK_CAPTURE_AUTORELEASING = YES;
				CLANG_WARN_BOOL_CONVERSION = YES;
				CLANG_WARN_COMMA = YES;
				CLANG_WARN_CONSTANT_CONVERSION = YES;
				CLANG_WARN_DEPRECATED_OBJC_IMPLEMENTATIONS = YES;
				CLANG_WARN_DIRECT_OBJC_ISA_USAGE = YES_ERROR;
				CLANG_WARN_DOCUMENTATION_COMMENTS = YES;
				CLANG_WARN_EMPTY_BODY = YES;
				CLANG_WARN_ENUM_CONVERSION = YES;
				CLANG_WARN_INFINITE_RECURSION = YES;
				CLANG_WARN_INT_CONVERSION = YES;
				CLANG_WARN_NON_LITERAL_NULL_CONVERSION = YES;
				CLANG_WARN_OBJC_IMPLICIT_RETAIN_SELF = YES;
				CLANG_WARN_OBJC_LITERAL_CONVERSION = YES;
				CLANG_WARN_OBJC_ROOT_CLASS = YES_ERROR;
				CLANG_WARN_QUOTED_INCLUDE_IN_FRAMEWORK_HEADER = YES;
				CLANG_WARN_RANGE_LOOP_ANALYSIS = YES;
				CLANG_WARN_STRICT_PROTOTYPES = YES;
				CLANG_WARN_SUSPICIOUS_MOVE = YES;
				CLANG_WARN_UNGUARDED_AVAILABILITY = YES_AGGRESSIVE;
				CLANG_WARN_UNREACHABLE_CODE = YES;
				CLANG_WARN__DUPLICATE_METHOD_MATCH = YES;
				COPY_PHASE_STRIP = NO;
				DEBUG_INFORMATION_FORMAT = "dwarf-with-dsym";
				ENABLE_NS_ASSERTIONS = NO;
				ENABLE_STRICT_OBJC_MSGSEND = YES;
				GCC_C_LANGUAGE_STANDARD = gnu11;
				GCC_NO_COMMON_BLOCKS = YES;
				GCC_WARN_64_TO_32_BIT_CONVERSION = YES;
				GCC_WARN_ABOUT_RETURN_TYPE = YES_ERROR;
				GCC_WARN_UNDECLARED_SELECTOR = YES;
				GCC_WARN_UNINITIALIZED_AUTOS = YES_AGGRESSIVE;
				GCC_WARN_UNUSED_FUNCTION = YES;
				GCC_WARN_UNUSED_VARIABLE = YES;
				IPHONEOS_DEPLOYMENT_TARGET = 14.5;
				MTL_ENABLE_DEBUG_INFO = NO;
				MTL_FAST_MATH = YES;
				SDKROOT = iphoneos;
				SWIFT_COMPILATION_MODE = wholemodule;
				SWIFT_OPTIMIZATION_LEVEL = "-O";
				VALIDATE_PRODUCT = YES;
			};
			name = Release;
		};
		DDFF03532703EAEA00ACCB2A /* Debug */ = {
			isa = XCBuildConfiguration;
			buildSettings = {
				ASSETCATALOG_COMPILER_APPICON_NAME = AppIcon;
				ASSETCATALOG_COMPILER_GLOBAL_ACCENT_COLOR_NAME = AccentColor;
				CODE_SIGN_STYLE = Automatic;
				DEVELOPMENT_TEAM = X8EZRH9S79;
				INFOPLIST_FILE = SlideshowApp/Info.plist;
				LD_RUNPATH_SEARCH_PATHS = (
					"$(inherited)",
					"@executable_path/Frameworks",
				);
				PRODUCT_BUNDLE_IDENTIFIER = jp.techacademy.toshimitsu.ara.SlideshowApp;
				PRODUCT_NAME = "$(TARGET_NAME)";
				SWIFT_VERSION = 5.0;
				TARGETED_DEVICE_FAMILY = "1,2";
			};
			name = Debug;
		};
		DDFF03542703EAEA00ACCB2A /* Release */ = {
			isa = XCBuildConfiguration;
			buildSettings = {
				ASSETCATALOG_COMPILER_APPICON_NAME = AppIcon;
				ASSETCATALOG_COMPILER_GLOBAL_ACCENT_COLOR_NAME = AccentColor;
				CODE_SIGN_STYLE = Automatic;
				DEVELOPMENT_TEAM = X8EZRH9S79;
				INFOPLIST_FILE = SlideshowApp/Info.plist;
				LD_RUNPATH_SEARCH_PATHS = (
					"$(inherited)",
					"@executable_path/Frameworks",
				);
				PRODUCT_BUNDLE_IDENTIFIER = jp.techacademy.toshimitsu.ara.SlideshowApp;
				PRODUCT_NAME = "$(TARGET_NAME)";
				SWIFT_VERSION = 5.0;
				TARGETED_DEVICE_FAMILY = "1,2";
			};
			name = Release;
		};
/* End XCBuildConfiguration section */

/* Begin XCConfigurationList section */
		DDFF03392703EAE800ACCB2A /* Build configuration list for PBXProject "SlideshowApp" */ = {
			isa = XCConfigurationList;
			buildConfigurations = (
				DDFF03502703EAEA00ACCB2A /* Debug */,
				DDFF03512703EAEA00ACCB2A /* Release */,
			);
			defaultConfigurationIsVisible = 0;
			defaultConfigurationName = Release;
		};
		DDFF03522703EAEA00ACCB2A /* Build configuration list for PBXNativeTarget "SlideshowApp" */ = {
			isa = XCConfigurationList;
			buildConfigurations = (
				DDFF03532703EAEA00ACCB2A /* Debug */,
				DDFF03542703EAEA00ACCB2A /* Release */,
			);
			defaultConfigurationIsVisible = 0;
			defaultConfigurationName = Release;
		};
/* End XCConfigurationList section */
	};
	rootObject = DDFF03362703EAE800ACCB2A /* Project object */;
}
